
Microsoft Visual Studio Solution File, Format Version 12.00
# Visual Studio Version 17
VisualStudioVersion = 17.8.34525.116
MinimumVisualStudioVersion = 10.0.40219.1
Project("{9A19103F-16F7-4668-BE54-9A1E7A4F7556}") = "EF_DietaryProject.Entities", "EF_DietaryProject.Entities\EF_DietaryProject.Entities.csproj", "{3776FCD7-4FAA-414F-84E9-79FBC66019F5}"
EndProject
Project("{9A19103F-16F7-4668-BE54-9A1E7A4F7556}") = "EF_DietaryProject.DAL", "EF_DietaryProject.DAL\EF_DietaryProject.DAL.csproj", "{E6D25FC4-D176-4476-8B78-763886243337}"
EndProject
Project("{9A19103F-16F7-4668-BE54-9A1E7A4F7556}") = "EF_DietaryProject.BLL", "EF_DietaryProject.BLL\EF_DietaryProject.BLL.csproj", "{926EE1E1-08A4-40AD-B957-BCFE1F24ED58}"
EndProject
Project("{FAE04EC0-301F-11D3-BF4B-00C04F79EFBC}") = "EF_DietaryProject.UI", "EF_DietaryProject.UI\EF_DietaryProject.UI.csproj", "{B275D852-EDDD-4A8C-9394-862644882C19}"
EndProject
Global
	GlobalSection(SolutionConfigurationPlatforms) = preSolution
		Debug|Any CPU = Debug|Any CPU
		Release|Any CPU = Release|Any CPU
	EndGlobalSection
	GlobalSection(ProjectConfigurationPlatforms) = postSolution
		{3776FCD7-4FAA-414F-84E9-79FBC66019F5}.Debug|Any CPU.ActiveCfg = Debug|Any CPU
		{3776FCD7-4FAA-414F-84E9-79FBC66019F5}.Debug|Any CPU.Build.0 = Debug|Any CPU
		{3776FCD7-4FAA-414F-84E9-79FBC66019F5}.Release|Any CPU.ActiveCfg = Release|Any CPU
		{3776FCD7-4FAA-414F-84E9-79FBC66019F5}.Release|Any CPU.Build.0 = Release|Any CPU
		{E6D25FC4-D176-4476-8B78-763886243337}.Debug|Any CPU.ActiveCfg = Debug|Any CPU
		{E6D25FC4-D176-4476-8B78-763886243337}.Debug|Any CPU.Build.0 = Debug|Any CPU
		{E6D25FC4-D176-4476-8B78-763886243337}.Release|Any CPU.ActiveCfg = Release|Any CPU
		{E6D25FC4-D176-4476-8B78-763886243337}.Release|Any CPU.Build.0 = Release|Any CPU
		{926EE1E1-08A4-40AD-B957-BCFE1F24ED58}.Debug|Any CPU.ActiveCfg = Debug|Any CPU
		{926EE1E1-08A4-40AD-B957-BCFE1F24ED58}.Debug|Any CPU.Build.0 = Debug|Any CPU
		{926EE1E1-08A4-40AD-B957-BCFE1F24ED58}.Release|Any CPU.ActiveCfg = Release|Any CPU
		{926EE1E1-08A4-40AD-B957-BCFE1F24ED58}.Release|Any CPU.Build.0 = Release|Any CPU
		{B275D852-EDDD-4A8C-9394-862644882C19}.Debug|Any CPU.ActiveCfg = Debug|Any CPU
		{B275D852-EDDD-4A8C-9394-862644882C19}.Debug|Any CPU.Build.0 = Debug|Any CPU
		{B275D852-EDDD-4A8C-9394-862644882C19}.Release|Any CPU.ActiveCfg = Release|Any CPU
		{B275D852-EDDD-4A8C-9394-862644882C19}.Release|Any CPU.Build.0 = Release|Any CPU
	EndGlobalSection
	GlobalSection(SolutionProperties) = preSolution
		HideSolutionNode = FALSE
	EndGlobalSection
	GlobalSection(ExtensibilityGlobals) = postSolution
		SolutionGuid = {E57B92AF-0832-40A8-A8FC-9FC9805C8670}
	EndGlobalSection
EndGlobal
